cloud.google.com/go v0.34.0 h1:eOI3/cP2VTU6uZLDYAoic+eyzzB9YyGmJ7eIjl8rOPg=
cloud.google.com/go v0.34.0/go.mod h1:aQUYkXzVsufM+DwF1aE+0xfcU+56JwCaLick0ClmMTw=
github.com/OneOfOne/xxhash v1.2.5 h1:zl/OfRA6nftbBK9qTohYBJ5xvw6C/oNKizR7cZGl3cI=
github.com/OneOfOne/xxhash v1.2.5/go.mod h1:eZbhyaAYD41SGSSsnmcpxVoRiQ/MPUTjUdIIOT9Um7Q=
github.com/PuerkitoBio/goquery v1.5.0 h1:uGvmFXOA73IKluu/F84Xd1tt/z07GYm8X49XKHP7EJk=
github.com/PuerkitoBio/goquery v1.5.0/go.mod h1:qD2PgZ9lccMbQlc7eEOjaeRlFQON7xY8kdmcsrnKqMg=
github.com/StackExchange/wmi v0.0.0-20181212234831-e0a55b97c705 h1:UUppSQnhf4Yc6xGxSkoQpPhb7RVzuv5Nb1mwJ5VId9s=
github.com/StackExchange/wmi v0.0.0-20181212234831-e0a55b97c705/go.mod h1:3eOhrUMpNV+6aFIbp5/iudMxNCF27Vw2OZgy4xEx0Fg=
github.com/aerogo/aero v1.0.1 h1:9YpWV2YAzq1cidiGK/JD1W0Ub14U1Mwo8H3rZZeyO0M=
github.com/aerogo/aero v1.0.1/go.mod h1:5SEmHzcetTWlszMRfB44gZq+7iPScPOQYFMixr/wspg=
github.com/aerogo/api v0.1.0 h1:u1sqJWJS0cDKyopNpaOE10tVoIfL0rqZR929q9ESd2M=
github.com/aerogo/api v0.1.0/go.mod h1:OVHGZDrfsM80Nr3biKxsvDHy9S/JKop/i2JS6QgI3qg=
github.com/aerogo/cluster v0.1.0 h1:CZOY8ONzyRonu4tN2vLsAeZEME3vu2DlNhmuoAEgLQQ=
github.com/aerogo/cluster v0.1.0/go.mod h1:VjX1JXqDJzhiXrYPiV/Jbhd0CTrtD1C99lmuIP0+Fkc=
github.com/aerogo/crawler v0.1.1 h1:1o0ehKlf19SljufYVUPf1GTPOAapWGIGTRM9bNtZNx0=
github.com/aerogo/crawler v0.1.1/go.mod h1:YBoQ/YXY/F+oDt6JCVuAj5oemARiLrgMk2uvgZP34Is=
github.com/aerogo/csp v0.1.0 h1:h7eLg7MsjIDaoh/dAdqDhjbq2BhYdPTKBpabm7E419U=
github.com/aerogo/csp v0.1.0/go.mod h1:DHkDDUqlScJGntVPNQ1T9IizxyPV7Y48G3uFh4lmZCo=
github.com/aerogo/flow v0.1.0 h1:cNkyvJd5SWqqjBjMv7Gcic3WcOJ4jO6ChBwsxCO6n/I=
github.com/aerogo/flow v0.1.0/go.mod h1:Xme0qoaHhTg7hHHxOfGozMsrhczXgNPZwFlglnmvBys=
github.com/aerogo/http v0.1.1 h1:iAiWZVZTkogFJg1MYvhXyiBQSzODNf86M2/bpkZY3u0=
github.com/aerogo/http v0.1.1/go.mod h1:biG/HWNyTuOlNiyQgGTw9Vg6QFpZf5f1qsGJAocmAsI=
github.com/aerogo/layout v0.1.0 h1:ugJ0bY+89zql7gB49tyzAzzggoTRLX3girllK6IQV3g=
github.com/aerogo/layout v0.1.0/go.mod h1:OtfnndPGTSoEcozT76BUG3MygH2ROZy4KudOHXHi1Jg=
github.com/aerogo/linter-performance v0.1.0 h1:xdYKDaPDVHdBG7j2VGb/x+UE+aGEiRsbMU17CiXNwTE=
github.com/aerogo/linter-performance v0.1.0/go.mod h1:GntsA2D+42qB8Pdm5Wbre9yrPz9vt/oxDXjmD9wnDns=
github.com/aerogo/log v0.1.0 h1:otBbDVX+eAFZfxKvmGvdbED3FXjHPEcZ5wku+UvLMhw=
github.com/aerogo/log v0.1.0/go.mod h1:tmeuaeXCOX7zRaqIrBcGxOP5ERm7186i5EEJl7fn75s=
github.com/aerogo/markdown v0.1.1 h1:d7L2wuMFevO5pKgzOXT6DDF1seIA/g9OzjguzWn0jF8=
github.com/aerogo/markdown v0.1.1/go.mod h1:MvNnVhgTE1dKh0LLc/uoIuq2DM84Id9/86BUzYf6mlw=
github.com/aerogo/mirror v0.1.0 h1:sGtw6WjHqtHHGGPFZcBJ3YmooR1SIhL5uxgw62GRnQI=
github.com/aerogo/mirror v0.1.0/go.mod h1:sCzWxxmP+XxohMAKQTHZX6Qpf890jhhFnz4u5j2ixEw=
github.com/aerogo/nano v0.1.0 h1:zW1xUUNOY3dK2nT9HN7FQu9UymS3HevEu+4fjnfXK9k=
github.com/aerogo/nano v0.1.0/go.mod h1:vtpRS7b0VyUh+M9QXPV2+LY0IPyFLrIZTPdEqEZLWUM=
github.com/aerogo/packet v0.1.0 h1:1rIiXgzKLhsSy89E3D6KnTxtsm6JC195Vcyu/srwTGc=
github.com/aerogo/packet v0.1.0/go.mod h1:WfmAe/s1bxZIoIgckTFAM4mq6HErVwJoe49kWF/UKQo=
github.com/aerogo/session v0.1.1 h1:NBy3+fPwyHAzollumyqptLIyLjFyHuIwYDcQOll7UVE=
github.com/aerogo/session v0.1.1/go.mod h1:A4S5dvAhpm+DRdQbno5Rn4Jvj0UVGJmOUKQXataNIDg=
github.com/aerogo/session-store-memory v0.1.0 h1:oG8YYC+xuq6V0Z02eRpxbXI4HA9/HJo8Si1AwR/2ssU=
github.com/aerogo/session-store-memory v0.1.0/go.mod h1:5FTLBWv0+sgrkcyLkW7NWVyW6VYgUbfTLZVF3y+xcl4=
github.com/aerogo/session-store-nano v0.1.0 h1:HIkjVzOLAH3gxImni4gkFFIjtuMjLoFpzSeSFTvfOsw=
github.com/aerogo/session-store-nano v0.1.0/go.mod h1:KHsrZUGeUt+ZieHlGFvbXyJMGq7Nugmt5osYdcamxXY=
github.com/aerogo/sitemap v0.0.0-20171118144810-926059a596ae h1:6wISB6G8WqNgcwwkmphEBsTNkUhcgIitNpOVwbMvaS4=
github.com/aerogo/sitemap v0.0.0-20171118144810-926059a596ae/go.mod h1:ZjznnnHiBTgLiNq9qaNqbKI2kwQAN7Lv2osic9aR3r0=
github.com/andybalholm/cascadia v1.0.0 h1:hOCXnnZ5A+3eVDX8pvgl4kofXv2ELss0bKcqRySc45o=
github.com/andybalholm/cascadia v1.0.0/go.mod h1:GsXiBklL0woXo1j/WYWtSYYC4ouU9PqHO0sqidkEA4Y=
github.com/animenotifier/anilist v0.0.0-20190305235615-d1d5baf3760a h1:vEYWNIsi5TRRjfBVLKDUdQLCcqV7fvTOEFtCOO0GJpE=
github.com/animenotifier/anilist v0.0.0-20190305235615-d1d5baf3760a/go.mod h1:i4CfOYnA7J3413w8AhRJkrmky/7t+827W0lJ3A28JHQ=
github.com/animenotifier/arn v1.0.3 h1:elw0aUWv+aEGFWZdRv7Sz6oSJ16xJ8JP+zdqr3jAuFM=
github.com/animenotifier/arn v1.0.3/go.mod h1:mDyMipZQv4cFaBpUC6mmL9MnGSLhDS1hxoiFge4OpRw=
github.com/animenotifier/ffxiv v0.0.0-20181026222628-4707c5739ff1 h1:nHYxZmkB79cBr/fNrYxoY0k1a8qcDT1rIItwnwKFGP0=
github.com/animenotifier/ffxiv v0.0.0-20181026222628-4707c5739ff1/go.mod h1:oBHhRzQAUv+dBe4qFJAFnTg7qv5Gl6QFHQphyJla74Q=
github.com/animenotifier/japanese v0.0.0-20180702005159-9ae021c00c3c h1:P/18+VJ+UmhxYBCQLAA/7hiqhvWLQqLyIoDCIi99JNA=
github.com/animenotifier/japanese v0.0.0-20180702005159-9ae021c00c3c/go.mod h1:zfJeAWU4ivJkfotWR4gGI4GReVmPfAuzyMBNITbSWAU=
github.com/animenotifier/kitsu v0.0.0-20190311000532-8310b34f18d8 h1:/X/izkAbNXvxFz926AHIW2CjcmbwVU1RrHFJivKa+vg=
github.com/animenotifier/kitsu v0.0.0-20190311000532-8310b34f18d8/go.mod h1:xu3Qd5YgsMtW/RKilWVbF6Jtvq0iLcYBPBRpjo7Jq2I=
github.com/animenotifier/mal v0.0.0-20190306012317-15db3840fd60 h1:/xF5qySahPxI56KO7CmLVuyp7Mvh0NQfNdRCYkg5sFg=
github.com/animenotifier/mal v0.0.0-20190306012317-15db3840fd60/go.mod h1:F9vJGU1UrhW5uHLZ0fIojGZ0B+3Uv52lwnLmZUSp4O0=
github.com/animenotifier/osu v0.0.0-20171021153311-7e2f02912910 h1:+I01dRutPQpMnPrwPxKad8JF+3o4NUTOTsLAw79gI1w=
github.com/animenotifier/osu v0.0.0-20171021153311-7e2f02912910/go.mod h1:Q8ALGMj+LHrGGDjq0a2hZd3QtHDKlE2HHmsyKxUYlPQ=
github.com/animenotifier/overwatch v0.0.0-20181101032032-0488df184336 h1:eeO8LHVdVsHLiZj6Vi9ZQuiXTTjGI3dqm897roX30Zg=
github.com/animenotifier/overwatch v0.0.0-20181101032032-0488df184336/go.mod h1:mVw/QAd1Kvy0umdBarb/fO9l3aA6OUMvam3CehpwCqU=
github.com/animenotifier/shoboi v0.0.0-20190331140329-ad885767c824 h1:u1R8Pm33McY7yGcBTuj22k5hlf2CzaZFblgFJq1UOmU=
github.com/animenotifier/shoboi v0.0.0-20190331140329-ad885767c824/go.mod h1:INza8m3u3SUYOM72LXtClNmyjGmgz1VyJb/aCzwtXJU=
github.com/animenotifier/twist v0.0.0-20171021152718-743481a0ebff h1:+RQT0v57iIDMp7eqCG3FvUiXmGYThViebn0A200Igv0=
github.com/animenotifier/twist v0.0.0-20171021152718-743481a0ebff/go.mod h1:c6gK23vt2wFRkWkEnPSANb5P0LwfSmhuR8rk5+rBlbw=
github.com/blitzprog/color v1.8.0 h1:57b411KxdU2PpTMUWzxvm8FNwFSZCub9iAHyynlshEY=
github.com/blitzprog/color v1.8.0/go.mod h1:BT0yhtwPpduwijxx6kUHHv79qgJyuLdOehYyeL6Y2b4=
github.com/blitzprog/go-matroska v0.0.0-20181027234721-1748ad65794d h1:uRRVrQddnOknwN+Ms/daO3hzNF5UzuKOm6kv4GjwB8o=
github.com/blitzprog/go-matroska v0.0.0-20181027234721-1748ad65794d/go.mod h1:5Q6gAPJYxcIZQIbSQ9LEAbqA19XBPlten2jS+6ndcEo=
github.com/blitzprog/imageoutput v0.0.0-20180723015600-be0e2c52cd9e h1:43CYlb4yAPqd8jHNXGAYGOSYDyiQwuuV4lnRdi3KcG4=
github.com/blitzprog/imageoutput v0.0.0-20180723015600-be0e2c52cd9e/go.mod h1:VuelwH0/wamFPyapbsIJNkej9ZVoOoome1S6jHRQX5U=
github.com/blitzprog/webpush-go v0.0.0-20180307222614-704de5d30bcc h1:alg/D/aiVjj+zt/tpQacXVxZi8tzsSBFYKu+aGfuZ9g=
github.com/blitzprog/webpush-go v0.0.0-20180307222614-704de5d30bcc/go.mod h1:7kSeKsDTqZf4oHU5j2dGVktnAGO0m5SIU8o8UEvLHSU=
github.com/bwmarrin/discordgo v0.19.0 h1:kMED/DB0NR1QhRcalb85w0Cu3Ep2OrGAqZH1R5awQiY=
github.com/bwmarrin/discordgo v0.19.0/go.mod h1:O9S4p+ofTFwB02em7jkpkV8M3R0/PUVOwN61zSZ0r4Q=
github.com/chai2010/webp v1.1.0 h1:4Ei0/BRroMF9FaXDG2e4OxwFcuW2vcXd+A6tyqTJUQQ=
github.com/chai2010/webp v1.1.0/go.mod h1:LP12PG5IFmLGHUU26tBiCBKnghxx3toZFwDjOYvd3Ow=
github.com/davecgh/go-spew v1.1.0 h1:ZDRjVQ15GmhC3fiQ8ni8+OwkZQO4DARzQgrnXU1Liz8=
github.com/davecgh/go-spew v1.1.0/go.mod h1:J7Y8YcW2NihsgmVo/mv3lAwl/skON4iLHjSsI+c5H38=
github.com/davecgh/go-spew v1.1.1 h1:vj9j/u1bqnvCEfJOwUhtlOARqs3+rkHYY13jYWTU97c=
github.com/davecgh/go-spew v1.1.1/go.mod h1:J7Y8YcW2NihsgmVo/mv3lAwl/skON4iLHjSsI+c5H38=
github.com/dgrijalva/jwt-go v3.2.0+incompatible h1:7qlOGliEKZXTDg6OTjfoBKDXWrumCAMpl/TFQ4/5kLM=
github.com/dgrijalva/jwt-go v3.2.0+incompatible/go.mod h1:E3ru+11k8xSBh+hMPgOLZmtrrCbhqsmaPHjLKYnJCaQ=
github.com/disintegration/imaging v1.6.0 h1:nVPXRUUQ36Z7MNf0O77UzgnOb1mkMMor7lmJMJXc/mA=
github.com/disintegration/imaging v1.6.0/go.mod h1:xuIt+sRxDFrHS0drzXUlCJthkJ8k7lkkUojDSR247MQ=
github.com/dustin/go-humanize v1.0.0 h1:VSnTsYCnlFHaM2/igO1h6X3HA71jcobQuxemgkq4zYo=
github.com/dustin/go-humanize v1.0.0/go.mod h1:HtrtbFcZ19U5GC7JDqmcUSB87Iq5E25KnS6fMYU6eOk=
github.com/elazarl/goproxy v0.0.0-20181111060418-2ce16c963a8a h1:A4wNiqeKqU56ZhtnzJCTyPZ1+cyu8jKtIchQ3TtxHgw=
github.com/elazarl/goproxy v0.0.0-20181111060418-2ce16c963a8a/go.mod h1:/Zj4wYkgs4iZTTu3o/KG3Itv/qCCa8VVMlb3i9OVuzc=
github.com/go-ini/ini v1.42.0 h1:TWr1wGj35+UiWHlBA8er89seFXxzwFn11spilrrj+38=
github.com/go-ini/ini v1.42.0/go.mod h1:ByCAeIL28uOIIG0E3PJtZPDL8WnHpFKFOtgjp+3Ies8=
github.com/go-ole/go-ole v1.2.4 h1:nNBDSCOigTSiarFpYE9J/KtEA1IOW4CNeqT9TQDqCxI=
github.com/go-ole/go-ole v1.2.4/go.mod h1:XCwSNxSkXRo4vlyPy93sltvi/qJq0jqQhjqQNIwKuxM=
github.com/golang/protobuf v1.2.0 h1:P3YflyNX/ehuJFLhxviNdFxQPkGK5cDcApsge1SqnvM=
github.com/golang/protobuf v1.2.0/go.mod h1:6lQm79b+lXiMfvg/cZm0SGofjICqVBUtrP5yJMmIC1U=
github.com/gomodule/oauth1 v0.0.0-20181215000758-9a59ed3b0a84 h1:NlNEdePx7QY9Z4rds4EIe1dvUT8Ao1PZgLS80S5YTbU=
github.com/gomodule/oauth1 v0.0.0-20181215000758-9a59ed3b0a84/go.mod h1:4r/a8/3RkhMBxJQWL5qzbOEcaQmNPIkNoI7P8sXeI08=
github.com/google/uuid v1.1.1 h1:Gkbcsh/GbpXz7lPftLA3P6TYMwjCLYm83jiFQZF/3gY=
github.com/google/uuid v1.1.1/go.mod h1:TIyPZe4MgqvfeYDBFedMoGGpEw/LqOeaOT+nhxU+yHo=
github.com/gopherjs/gopherjs v0.0.0-20181017120253-0766667cb4d1 h1:EGx4pi6eqNxGaHF6qqu48+N2wcFQ5qg5FXgOdqsJ5d8=
github.com/gopherjs/gopherjs v0.0.0-20181017120253-0766667cb4d1/go.mod h1:wJfORRmW1u3UXTncJ5qlYoELFm8eSnnEO6hX4iZ3EWY=
github.com/gopherjs/gopherjs v0.0.0-20190328170749-bb2674552d8f h1:4Gslotqbs16iAg+1KR/XdabIfq8TlAWHdwS5QJFksLc=
github.com/gopherjs/gopherjs v0.0.0-20190328170749-bb2674552d8f/go.mod h1:wJfORRmW1u3UXTncJ5qlYoELFm8eSnnEO6hX4iZ3EWY=
github.com/gorilla/websocket v1.4.0 h1:WDFjx/TMzVgy9VdMMQi2K2Emtwi2QcUQsztZ/zLaH/Q=
github.com/gorilla/websocket v1.4.0/go.mod h1:E7qHFY5m1UJ88s3WnNqhKjPHQ0heANvMoAMk2YaljkQ=
github.com/graphql-go/graphql v0.7.8 h1:769CR/2JNAhLG9+aa8pfLkKdR0H+r5lsQqling5WwpU=
github.com/graphql-go/graphql v0.7.8/go.mod h1:k6yrAYQaSP59DC5UVxbgxESlmVyojThKdORUqGDGmrI=
github.com/json-iterator/go v1.1.6 h1:MrUvLMLTMxbqFJ9kzlvat/rYZqZnW3u4wkLzWTaFwKs=
github.com/json-iterator/go v1.1.6/go.mod h1:+SdeFBvtyEkXs7REEP0seUULqWtbJapLOCVDaaPEHmU=
github.com/jtolds/gls v4.20.0+incompatible h1:xdiiI2gbIgH/gLH7ADydsJ1uDOEzR8yvV7C0MuV77Wo=
github.com/jtolds/gls v4.20.0+incompatible/go.mod h1:QJZ7F/aHp+rZTRtaJ1ow/lLfFfVYBRgL+9YlvaHOwJU=
github.com/julienschmidt/httprouter v1.2.0 h1:TDTW5Yz1mjftljbcKqRcrYhd4XeOoI98t+9HbQbYf7g=
github.com/julienschmidt/httprouter v1.2.0/go.mod h1:SYymIcj16QtmaHHD7aYtjjsJG7VTCxuUUipMqKk8s4w=
github.com/klauspost/compress v1.4.0 h1:8nsMz3tWa9SWWPL60G1V6CUsf4lLjWLTNEtibhe8gh8=
github.com/klauspost/compress v1.4.0/go.mod h1:RyIbtBH6LamlWaDj8nUwkbUhJ87Yi3uG0guNDohfE1A=
github.com/klauspost/compress v1.4.1 h1:8VMb5+0wMgdBykOV96DwNwKFQ+WTI4pzYURP99CcB9E=
github.com/klauspost/compress v1.4.1/go.mod h1:RyIbtBH6LamlWaDj8nUwkbUhJ87Yi3uG0guNDohfE1A=
github.com/klauspost/cpuid v0.0.0-20180405133222-e7e905edc00e h1:+lIPJOWl+jSiJOc70QXJ07+2eg2Jy2EC7Mi11BWujeM=
github.com/klauspost/cpuid v0.0.0-20180405133222-e7e905edc00e/go.mod h1:Pj4uuM528wm8OyEC2QMXAi2YiTZ96dNQPGgoMS4s3ek=
github.com/klauspost/cpuid v1.2.0 h1:NMpwD2G9JSFOE1/TJjGSo5zG7Yb2bTe7eq1jH+irmeE=
github.com/klauspost/cpuid v1.2.0/go.mod h1:Pj4uuM528wm8OyEC2QMXAi2YiTZ96dNQPGgoMS4s3ek=
github.com/logpacker/PayPal-Go-SDK v1.1.4+incompatible h1:lP/w7P9VGvpcXlejs3+bll3TcLWulYifJhhNUmi17d4=
github.com/logpacker/PayPal-Go-SDK v1.1.4+incompatible/go.mod h1:DUf5ncyG0n3jFnU9VsuQqe/Vo6KHtWQ6HYf80JwP4rY=
github.com/mattn/go-colorable v0.1.1 h1:G1f5SKeVxmagw/IyvzvtZE4Gybcc4Tr1tf7I8z0XgOg=
github.com/mattn/go-colorable v0.1.1/go.mod h1:FuOcm+DKB9mbwrcAfNl7/TZVBZ6rcnceauSikq3lYCQ=
github.com/mattn/go-isatty v0.0.5/go.mod h1:Iq45c/XA43vh69/j3iqttzPXn0bhXyGjM0Hdxcsrc5s=
github.com/mattn/go-isatty v0.0.7 h1:UvyT9uN+3r7yLEYSlJsbQGdsaB/a0DlgWP3pql6iwOc=
github.com/mattn/go-isatty v0.0.7/go.mod h1:Iq45c/XA43vh69/j3iqttzPXn0bhXyGjM0Hdxcsrc5s=
github.com/microcosm-cc/bluemonday v1.0.2 h1:5lPfLTTAvAbtS0VqT+94yOtFnGfUWYyx0+iToC3Os3s=
github.com/microcosm-cc/bluemonday v1.0.2/go.mod h1:iVP4YcDBq+n/5fb23BhYFvIMq/leAFZyRl6bYmGDlGc=
github.com/minio/minio-go v6.0.14+incompatible h1:fnV+GD28LeqdN6vT2XdGKW8Qe/IfjJDswNVuni6km9o=
github.com/minio/minio-go v6.0.14+incompatible/go.mod h1:7guKYtitv8dktvNUGrhzmNlA5wrAABTQXCoesZdFQO8=
github.com/mitchellh/go-homedir v1.1.0 h1:lukF9ziXFxDFPkA1vsr5zpc1XuPDn/wFntq5mG+4E0Y=
github.com/mitchellh/go-homedir v1.1.0/go.mod h1:SfyaCUpYCn1Vlf4IUYiD9fPX4A5wJrkLzIz1N1q0pr0=
github.com/modern-go/concurrent v0.0.0-20180306012644-bacd9c7ef1dd h1:TRLaZ9cD/w8PVh93nsPXa1VrQ6jlwL5oN8l14QlcNfg=
github.com/modern-go/concurrent v0.0.0-20180306012644-bacd9c7ef1dd/go.mod h1:6dJC0mAP4ikYIbvyc7fijjWJddQyLn8Ig3JB5CqoB9Q=
github.com/modern-go/reflect2 v1.0.1 h1:9f412s+6RmYXLWZSEzVVgPGK7C2PphHj5RJrvfx9AWI=
github.com/modern-go/reflect2 v1.0.1/go.mod h1:bx2lNnkwVCuqBIxFjflWJWanXIb3RllmbCylyMrvgv0=
github.com/mohae/deepcopy v0.0.0-20170929034955-c48cc78d4826 h1:RWengNIwukTxcDr9M+97sNutRR1RKhG96O6jWumTTnw=
github.com/mohae/deepcopy v0.0.0-20170929034955-c48cc78d4826/go.mod h1:TaXosZuwdSHYgviHp1DAtfrULt5eUgsSMsZf+YrPgl8=
github.com/moul/http2curl v1.0.0 h1:dRMWoAtb+ePxMlLkrCbAqh4TlPHXvoGUSQ323/9Zahs=
github.com/moul/http2curl v1.0.0/go.mod h1:8UbvGypXm98wA/IqH45anm5Y2Z6ep6O31QGOAZ3H0fQ=
github.com/mssola/user_agent v0.5.0 h1:gRF7/x8cKt8qzAosYGsBNyirta+F8fvYDlJrgXws9AQ=
github.com/mssola/user_agent v0.5.0/go.mod h1:UFiKPVaShrJGW93n4uo8dpPdg1BSVpw2P9bneo0Mtp8=
github.com/pariz/gountries v0.0.0-20171019111738-adb00f6513a3 h1:lmQNznFSupyfCDE9d7wdKOU8UiVwWEoYwv8wo6rSgy0=
github.com/pariz/gountries v0.0.0-20171019111738-adb00f6513a3/go.mod h1:U0ETmPPEsfd7CpUKNMYi68xIOL8Ww4jPZlaqNngcwqs=
github.com/parnurzeal/gorequest v0.2.15 h1:oPjDCsF5IkD4gUk6vIgsxYNaSgvAnIh1EJeROn3HdJU=
github.com/parnurzeal/gorequest v0.2.15/go.mod h1:3Kh2QUMJoqw3icWAecsyzkpY7UzRfDhbRdTjtNwNiUE=
github.com/patrickmn/go-cache v2.1.0+incompatible h1:HRMgzkcYKYpi3C8ajMPV8OFXaaRUnok+kx1WdO15EQc=
github.com/patrickmn/go-cache v2.1.0+incompatible/go.mod h1:3Qf8kWWT7OJRJbdiICTKqZju1ZixQ/KpMGzzAfe6+WQ=
github.com/pkg/errors v0.8.1 h1:iURUrRGxPUNPdy5/HRSm+Yj6okJ6UtLINN0Q9M4+h3I=
github.com/pkg/errors v0.8.1/go.mod h1:bwawxfHBFNV+L2hUp1rHADufV3IMtnDRdf1r5NINEl0=
github.com/pmezard/go-difflib v1.0.0 h1:4DBwDE0NGyQoBHbLQYPwSUPoCMWR5BEzIk/f1lZbAQM=
github.com/pmezard/go-difflib v1.0.0/go.mod h1:iKH77koFhYxTK1pcRnkKkqfTogsbg7gZNVY4sRDYZ/4=
github.com/russross/blackfriday v2.0.0+incompatible h1:cBXrhZNUf9C+La9/YpS+UHpUT8YD6Td9ZMSU9APFcsk=
github.com/russross/blackfriday v2.0.0+incompatible/go.mod h1:JO/DiYxRf+HjHt06OyowR9PTA263kcR/rfWxYHBV53g=
github.com/shirou/gopsutil v2.18.12+incompatible h1:1eaJvGomDnH74/5cF4CTmTbLHAriGFsTZppLXDX93OM=
github.com/shirou/gopsutil v2.18.12+incompatible/go.mod h1:5b4v6he4MtMOwMlS0TUMTu2PcXUg8+E1lC7eC3UO/RA=
github.com/shirou/w32 v0.0.0-20160930032740-bb4de0191aa4 h1:udFKJ0aHUL60LboW/A+DfgoHVedieIzIXE8uylPue0U=
github.com/shirou/w32 v0.0.0-20160930032740-bb4de0191aa4/go.mod h1:qsXQc7+bwAM3Q1u/4XEfrquwF8Lw7D7y5cD8CuHnfIc=
github.com/shurcooL/sanitized_anchor_name v1.0.0 h1:PdmoCO6wvbs+7yrJyMORt4/BmY5IYyJwS/kOiWx8mHo=
github.com/shurcooL/sanitized_anchor_name v1.0.0/go.mod h1:1NzhyTcUVG4SuEtjjoZeVRXNmyL/1OwPU0+IJeTBvfc=
github.com/smartystreets/assertions v0.0.0-20180927180507-b2de0cb4f26d h1:zE9ykElWQ6/NYmHa3jpm/yHnI4xSofP+UP6SpjHcSeM=
github.com/smartystreets/assertions v0.0.0-20180927180507-b2de0cb4f26d/go.mod h1:OnSkiWE9lh6wB0YB77sQom3nweQdgAjqCqsofrRNTgc=
github.com/smartystreets/assertions v0.0.0-20190215210624-980c5ac6f3ac h1:wbW+Bybf9pXxnCFAOWZTqkRjAc7rAIwo2e1ArUhiHxg=
github.com/smartystreets/assertions v0.0.0-20190215210624-980c5ac6f3ac/go.mod h1:OnSkiWE9lh6wB0YB77sQom3nweQdgAjqCqsofrRNTgc=
github.com/smartystreets/goconvey v0.0.0-20190330032615-68dc04aab96a h1:pa8hGb/2YqsZKovtsgrwcDH1RZhVbTKCjLp47XpqCDs=
github.com/smartystreets/goconvey v0.0.0-20190330032615-68dc04aab96a/go.mod h1:syvi0/a8iFYH4r/RixwvyeAJjdLS9QV7WQ/tjFTllLA=
github.com/stretchr/objx v0.1.0/go.mod h1:HFkY916IF+rwdDfMAkV7OtwuqBVzrE8GR6GFx+wExME=
github.com/stretchr/testify v1.3.0 h1:TivCn/peBQ7UY8ooIcPgZFpTNSz0Q2U6UrFlUfqbe0Q=
github.com/stretchr/testify v1.3.0/go.mod h1:M5WIy9Dh21IEIfnGCwXGc5bZfKNJtfHm1UVUgZn+9EI=
github.com/tdewolff/parse v2.3.4+incompatible h1:x05/cnGwIMf4ceLuDMBOdQ1qGniMoxpP46ghf0Qzh38=
github.com/tdewolff/parse v2.3.4+incompatible/go.mod h1:8oBwCsVmUkgHO8M5iCzSIDtpzXOT0WXX9cWhz+bIzJQ=
github.com/tdewolff/test v1.0.0 h1:jOwzqCXr5ePXEPGJaq2ivoR6HOCi+D5TPfpoyg8yvmU=
github.com/tdewolff/test v1.0.0/go.mod h1:DiQUlutnqlEvdvhSn2LPGy4TFwRauAaYDsL+683RNX4=
github.com/teris-io/shortid v0.0.0-20171029131806-771a37caa5cf h1:Z2X3Os7oRzpdJ75iPqWZc0HeJWFYNCvKsfpQwFpRNTA=
github.com/teris-io/shortid v0.0.0-20171029131806-771a37caa5cf/go.mod h1:M8agBzgqHIhgj7wEn9/0hJUZcrvt9VY+Ln+S1I5Mha0=
github.com/tomasen/realip v0.0.0-20180522021738-f0c99a92ddce h1:fb190+cK2Xz/dvi9Hv8eCYJYvIGUTN2/KLq1pT6CjEc=
github.com/tomasen/realip v0.0.0-20180522021738-f0c99a92ddce/go.mod h1:o8v6yHRoik09Xen7gje4m9ERNah1d1PPsVq1VEx9vE4=
github.com/ungerik/go-gravatar v0.0.0-20120802094239-6ab22628222a h1:TZyMbJbyPL+4/ndyXns8aNDrmUJn5a6aV8lj3qEM7fM=
github.com/ungerik/go-gravatar v0.0.0-20120802094239-6ab22628222a/go.mod h1:cmQAsXze586z5DHYfoVO9jZBampncP3iuhVgujPqdxk=
github.com/valyala/bytebufferpool v1.0.0 h1:GqA5TC/0021Y/b9FG4Oi9Mr3q7XYx6KllzawFIhcdPw=
github.com/valyala/bytebufferpool v1.0.0/go.mod h1:6bBcMArwyJ5K/AmCkWv1jt77kVWyCJ6HpOuEn7z0Csc=
github.com/valyala/fasthttp v1.2.0 h1:dzZJf2IuMiclVjdw0kkT+f9u4YdrapbNyGAN47E/qnk=
github.com/valyala/fasthttp v1.2.0/go.mod h1:4vX61m6KN+xDduDNwXrhIAVZaZaZiQ1luJk8LWSxF3s=
github.com/valyala/tcplisten v0.0.0-20161114210144-ceec8f93295a/go.mod h1:v3UYOV9WzVtRmSR+PDvWpU/qWl4Wa5LApYYX4ZtKbio=
github.com/ventu-io/go-shortid v0.0.0-20171029131806-771a37caa5cf h1:cgAKVljim9RJRcJNGjnBUajXj1FupBSdWwW4JaQG7vk=
github.com/ventu-io/go-shortid v0.0.0-20171029131806-771a37caa5cf/go.mod h1:6rZqAOk/eYX5FJyjQJ6Z3RBSN389IXX2ijwW4FcggaM=
github.com/xrash/smetrics v0.0.0-20170218160415-a3153f7040e9 h1:w8V9v0qVympSF6GjdjIyeqR7+EVhAF9CBQmkmW7Zw0w=
github.com/xrash/smetrics v0.0.0-20170218160415-a3153f7040e9/go.mod h1:N3UwUGtsrSj3ccvlPHLoLsHnpR27oXr4ZE984MbSER8=
go.uber.org/atomic v1.3.2 h1:2Oa65PReHzfn29GpvgsYwloV9AVFHPDk8tYxt2c2tr4=
go.uber.org/atomic v1.3.2/go.mod h1:gD2HeocX3+yG+ygLZcrzQJaqmWj9AIm7n08wl/qW/PE=
go.uber.org/multierr v1.1.0 h1:HoEmRHQPVSqub6w2z2d2EOVs2fjyFRGyofhKuyDq0QI=
go.uber.org/multierr v1.1.0/go.mod h1:wR5kodmAFQ0UK8QlbwjlSNy0Z68gJhDJUG5sjR94q/0=
go.uber.org/zap v1.9.1 h1:XCJQEf3W6eZaVwhRBof6ImoYGJSITeKWsyeh3HFu/5o=
go.uber.org/zap v1.9.1/go.mod h1:vwi/ZaCAaUcBkycHslxD9B2zi4UTXhF60s6SWpuDF0Q=
golang.org/x/crypto v0.0.0-20181030102418-4d3f4d9ffa16/go.mod h1:6SG95UA2DQfeDnfUPMdvaQW0Q7yPrPDi9nlGo2tz2b4=
golang.org/x/crypto v0.0.0-20190308221718-c2843e01d9a2/go.mod h1:djNgcEr1/C05ACkg1iLfiJU5Ep61QUkGW8qpdssI0+w=
golang.org/x/crypto v0.0.0-20190325154230-a5d413f7728c h1:Vj5n4GlwjmQteupaxJ9+0FNOmBrHfq7vN4btdGoDZgI=
golang.org/x/crypto v0.0.0-20190325154230-a5d413f7728c/go.mod h1:djNgcEr1/C05ACkg1iLfiJU5Ep61QUkGW8qpdssI0+w=
golang.org/x/image v0.0.0-20180708004352-c73c2afc3b81 h1:00VmoueYNlNz/aHIilyyQz/MHSqGoWJzpFv/HW8xpzI=
golang.org/x/image v0.0.0-20180708004352-c73c2afc3b81/go.mod h1:ux5Hcp/YLpHSI86hEcLt0YII63i6oz57MZXIpbrjZUs=
golang.org/x/image v0.0.0-20190321063152-3fc05d484e9f h1:FO4MZ3N56GnxbqxGKqh+YTzUWQ2sDwtFQEZgLOxh9Jc=
golang.org/x/image v0.0.0-20190321063152-3fc05d484e9f/go.mod h1:kZ7UVZpmo3dzQBMxlp+ypCbDeSB+sBbTgSJuh5dn5js=
golang.org/x/net v0.0.0-20180218175443-cbe0f9307d01/go.mod h1:mL1N/T3taQHkDXs73rZJwtUhF3w3ftmwwsq0BUmARs4=
golang.org/x/net v0.0.0-20180724234803-3673e40ba225/go.mod h1:mL1N/T3taQHkDXs73rZJwtUhF3w3ftmwwsq0BUmARs4=
golang.org/x/net v0.0.0-20180911220305-26e67e76b6c3/go.mod h1:mL1N/T3taQHkDXs73rZJwtUhF3w3ftmwwsq0BUmARs4=
golang.org/x/net v0.0.0-20181114220301-adae6a3d119a/go.mod h1:mL1N/T3taQHkDXs73rZJwtUhF3w3ftmwwsq0BUmARs4=
golang.org/x/net v0.0.0-20181220203305-927f97764cc3/go.mod h1:mL1N/T3taQHkDXs73rZJwtUhF3w3ftmwwsq0BUmARs4=
golang.org/x/net v0.0.0-20190108225652-1e06a53dbb7e/go.mod h1:mL1N/T3taQHkDXs73rZJwtUhF3w3ftmwwsq0BUmARs4=
golang.org/x/net v0.0.0-20190311183353-d8887717615a h1:oWX7TPOiFAMXLq8o0ikBYfCJVlRHBcsciT5bXOrH628=
golang.org/x/net v0.0.0-20190311183353-d8887717615a/go.mod h1:t9HGtf8HONx5eT2rtn7q6eTqICYqUVnKs3thJo3Qplg=
golang.org/x/net v0.0.0-20190328230028-74de082e2cca h1:hyA6yiAgbUwuWqtscNvWAI7U1CtlaD1KilQ6iudt1aI=
golang.org/x/net v0.0.0-20190328230028-74de082e2cca/go.mod h1:t9HGtf8HONx5eT2rtn7q6eTqICYqUVnKs3thJo3Qplg=
golang.org/x/oauth2 v0.0.0-20190319182350-c85d3e98c914 h1:jIOcLT9BZzyJ9ce+IwwZ+aF9yeCqzrR+NrD68a/SHKw=
golang.org/x/oauth2 v0.0.0-20190319182350-c85d3e98c914/go.mod h1:gOpvHmFTYa4IltrdGE7lF6nIHvwfUNPOp7c8zoXwtLw=
golang.org/x/sync v0.0.0-20181221193216-37e7f081c4d4/go.mod h1:RxMgew5VJxzue5/jJTE5uejpjVlOe/izrB70Jof72aM=
golang.org/x/sync v0.0.0-20190227155943-e225da77a7e6 h1:bjcUS9ztw9kFmmIxJInhon/0Is3p+EHBKNgquIzo1OI=
golang.org/x/sync v0.0.0-20190227155943-e225da77a7e6/go.mod h1:RxMgew5VJxzue5/jJTE5uejpjVlOe/izrB70Jof72aM=
golang.org/x/sys v0.0.0-20190215142949-d0b11bdaac8a/go.mod h1:STP8DvDyc/dI5b8T5hshtkjS+E42TnysNCUPdjciGhY=
golang.org/x/sys v0.0.0-20190222072716-a9d3bda3a223 h1:DH4skfRX4EBpamg7iV4ZlCpblAHI6s6TDM39bFZumv8=
golang.org/x/sys v0.0.0-20190222072716-a9d3bda3a223/go.mod h1:STP8DvDyc/dI5b8T5hshtkjS+E42TnysNCUPdjciGhY=
golang.org/x/sys v0.0.0-20190329044733-9eb1bfa1ce65 h1:hOY+O8MxdkPV10pNf7/XEHaySCiPKxixMKUshfHsGn0=
golang.org/x/sys v0.0.0-20190329044733-9eb1bfa1ce65/go.mod h1:h1NjWce9XRLGQEsW7wpKNCjG9DtNlClVuFLEZdDNbEs=
golang.org/x/text v0.3.0 h1:g61tztE5qeGQ89tm6NTjjM9VPIm088od1l6aSorWRWg=
golang.org/x/text v0.3.0/go.mod h1:NqM8EUOU14njkJ3fqMW+pc6Ldnwhi/IjpwHt7yyuwOQ=
golang.org/x/tools v0.0.0-20190328211700-ab21143f2384/go.mod h1:LCzVGOaR6xXOjkQ3onu1FJEFr0SW1gC7cKk1uF8kGRs=
google.golang.org/appengine v1.4.0 h1:/wp5JvzpHIxhs/dumFmF7BXTf3Z+dd4uXta4kVyO508=
google.golang.org/appengine v1.4.0/go.mod h1:xpcJRLb0r/rnEns0DIKYYv+WjYCduHsrkT7/EB5XEv4=
gopkg.in/alexcesaro/quotedprintable.v3 v3.0.0-20150716171945-2caba252f4dc h1:2gGKlE2+asNV9m7xrywl36YYNnBG5ZQ0r/BOOxqPpmk=
gopkg.in/alexcesaro/quotedprintable.v3 v3.0.0-20150716171945-2caba252f4dc/go.mod h1:m7x9LTH6d71AHyAX77c9yqWCCa3UKHcVEj9y7hAtKDk=
gopkg.in/check.v1 v0.0.0-20161208181325-20d25e280405 h1:yhCVgyC4o1eVCa2tZl7eS0r+SDo693bJlVdllGtEeKM=
gopkg.in/check.v1 v0.0.0-20161208181325-20d25e280405/go.mod h1:Co6ibVJAznAaIkqp8huTwlJQCZ016jof/cbN4VW5Yz0=
gopkg.in/gomail.v2 v2.0.0-20160411212932-81ebce5c23df h1:n7WqCuqOuCbNr617RXOY0AWRXxgwEyPp2z+p0+hgMuE=
gopkg.in/gomail.v2 v2.0.0-20160411212932-81ebce5c23df/go.mod h1:LRQQ+SO6ZHR7tOkpBDuZnXENFzX8qRjMDMyPD6BRkCw=
gopkg.in/ini.v1 v1.42.0 h1:7N3gPTt50s8GuLortA00n8AqRTk75qOP98+mTPpgzRk=
gopkg.in/ini.v1 v1.42.0/go.mod h1:pNLf8WUiyNEtQjuu5G5vTm06TEv9tsIgeAvK8hOrP4k=
gopkg.in/yaml.v2 v2.2.2 h1:ZCJp+EgiOT7lHqUV2J862kp8Qj64Jo6az82+3Td9dZw=
gopkg.in/yaml.v2 v2.2.2/go.mod h1:hI93XBmqTisBFMUTm0b8Fm+jr3Dg1NNxqwp+5A1VGuI=
